
Microsoft Visual Studio Solution File, Format Version 12.00
Project("{FAE04EC0-301F-11D3-BF4B-00C04F79EFBC}") = "Checker-Site", "Checker-Site\Checker-Site.csproj", "{2406BFAC-4ADE-46F2-96F6-2B1DFEC23EBE}"
EndProject
Global
	GlobalSection(SolutionConfigurationPlatforms) = preSolution
		Debug|Any CPU = Debug|Any CPU
		Release|Any CPU = Release|Any CPU
	EndGlobalSection
	GlobalSection(ProjectConfigurationPlatforms) = postSolution
		{2406BFAC-4ADE-46F2-96F6-2B1DFEC23EBE}.Debug|Any CPU.ActiveCfg = Debug|Any CPU
		{2406BFAC-4ADE-46F2-96F6-2B1DFEC23EBE}.Debug|Any CPU.Build.0 = Debug|Any CPU
		{2406BFAC-4ADE-46F2-96F6-2B1DFEC23EBE}.Release|Any CPU.ActiveCfg = Release|Any CPU
		{2406BFAC-4ADE-46F2-96F6-2B1DFEC23EBE}.Release|Any CPU.Build.0 = Release|Any CPU
	EndGlobalSection
EndGlobal
